{
    "name": "example",
    "version": "1.0.0",
    "lockfileVersion": 3,
    "requires": true,
    "packages": {
        "": {
            "name": "example",
            "version": "1.0.0",
            "license": "ISC",
            "dependencies": {
                "vp-trade-sdk": "file:../dist/vp-trade-sdk"
            }
        },
        "..": {
            "version": "1.0.0",
            "license": "ISC",
            "dependencies": {
                "dotenv": "^16.4.7",
                "ethers": "^6.13.5",
                "needle": "^3.3.1"
            },
            "devDependencies": {
                "@eslint/js": "^9.18.0",
                "@types/needle": "^3.3.0",
                "@typescript-eslint/eslint-plugin": "^8.20.0",
                "@typescript-eslint/parser": "^8.20.0",
                "eslint": "^9.18.0",
                "globals": "^15.14.0",
                "ts-node": "^10.9.2",
                "typescript": "^5.7.3",
                "typescript-eslint": "^8.20.0"
            }
        },
        "../dist/lib": {
            "extraneous": true
        },
        "../dist/vp-trade-sdk": {},
        "../dist/wp-trade-sdk": {
            "extraneous": true
        },
        "node_modules/vp-trade-sdk": {
            "resolved": "../dist/vp-trade-sdk",
            "link": true
        }
    }
}
